
Microsoft Visual Studio Solution File, Format Version 12.00
# Visual Studio Version 17
VisualStudioVersion = 17.14.36401.2 d17.14
MinimumVisualStudioVersion = 10.0.40219.1
Project("{FAE04EC0-301F-11D3-BF4B-00C04F79EFBC}") = "mantis-tests", "mantis-tests.csproj", "{B39AB88A-84ED-4039-A4B1-F5520359C0BE}"
EndProject
Global
	GlobalSection(SolutionConfigurationPlatforms) = preSolution
		Debug|Any CPU = Debug|Any CPU
		Release|Any CPU = Release|Any CPU
	EndGlobalSection
	GlobalSection(ProjectConfigurationPlatforms) = postSolution
		{B39AB88A-84ED-4039-A4B1-F5520359C0BE}.Debug|Any CPU.ActiveCfg = Debug|Any CPU
		{B39AB88A-84ED-4039-A4B1-F5520359C0BE}.Debug|Any CPU.Build.0 = Debug|Any CPU
		{B39AB88A-84ED-4039-A4B1-F5520359C0BE}.Release|Any CPU.ActiveCfg = Release|Any CPU
		{B39AB88A-84ED-4039-A4B1-F5520359C0BE}.Release|Any CPU.Build.0 = Release|Any CPU
	EndGlobalSection
	GlobalSection(SolutionProperties) = preSolution
		HideSolutionNode = FALSE
	EndGlobalSection
	GlobalSection(ExtensibilityGlobals) = postSolution
		SolutionGuid = {B3CB1DCF-6CD6-4D43-902B-AD5A8B604520}
	EndGlobalSection
EndGlobal
